
Microsoft Visual Studio Solution File, Format Version 12.00
# Visual Studio Version 17
VisualStudioVersion = 17.0.32014.148
MinimumVisualStudioVersion = 10.0.40219.1
Project("{9A19103F-16F7-4668-BE54-9A1E7A4F7556}") = "ChatBotForSupport", "ChatBot-For-Support-Telegram\ChatBotForSupport.csproj", "{A18E3FFF-26FC-462C-88A8-D04F692658DA}"
EndProject
Project("{2150E333-8FDC-42A3-9474-1A3956D46DE8}") = "Solution Items", "Solution Items", "{BE0ADE3F-5C8E-429F-8F29-B9490E501CA3}"
	ProjectSection(SolutionItems) = preProject
		.editorconfig = .editorconfig
	EndProjectSection
EndProject
Global
	GlobalSection(SolutionConfigurationPlatforms) = preSolution
		Debug|Any CPU = Debug|Any CPU
		Release|Any CPU = Release|Any CPU
	EndGlobalSection
	GlobalSection(ProjectConfigurationPlatforms) = postSolution
		{A18E3FFF-26FC-462C-88A8-D04F692658DA}.Debug|Any CPU.ActiveCfg = Debug|Any CPU
		{A18E3FFF-26FC-462C-88A8-D04F692658DA}.Debug|Any CPU.Build.0 = Debug|Any CPU
		{A18E3FFF-26FC-462C-88A8-D04F692658DA}.Release|Any CPU.ActiveCfg = Release|Any CPU
		{A18E3FFF-26FC-462C-88A8-D04F692658DA}.Release|Any CPU.Build.0 = Release|Any CPU
	EndGlobalSection
	GlobalSection(SolutionProperties) = preSolution
		HideSolutionNode = FALSE
	EndGlobalSection
	GlobalSection(ExtensibilityGlobals) = postSolution
		SolutionGuid = {D0BE40D0-AEFA-4A63-97B9-48A22AFD4368}
	EndGlobalSection
EndGlobal
