
Microsoft Visual Studio Solution File, Format Version 12.00
# Visual Studio Version 17
VisualStudioVersion = 17.0.32014.148
MinimumVisualStudioVersion = 10.0.40219.1
Project("{FAE04EC0-301F-11D3-BF4B-00C04F79EFBC}") = "ChatBot-For-Support-Telegram", "ChatBot-For-Support-Telegram\ChatBot-For-Support-Telegram.csproj", "{A18E3FFF-26FC-462C-88A8-D04F692658DA}"
EndProject
Global
	GlobalSection(SolutionConfigurationPlatforms) = preSolution
		Debug|Any CPU = Debug|Any CPU
		Release|Any CPU = Release|Any CPU
	EndGlobalSection
	GlobalSection(ProjectConfigurationPlatforms) = postSolution
		{A18E3FFF-26FC-462C-88A8-D04F692658DA}.Debug|Any CPU.ActiveCfg = Debug|Any CPU
		{A18E3FFF-26FC-462C-88A8-D04F692658DA}.Debug|Any CPU.Build.0 = Debug|Any CPU
		{A18E3FFF-26FC-462C-88A8-D04F692658DA}.Release|Any CPU.ActiveCfg = Release|Any CPU
		{A18E3FFF-26FC-462C-88A8-D04F692658DA}.Release|Any CPU.Build.0 = Release|Any CPU
	EndGlobalSection
	GlobalSection(SolutionProperties) = preSolution
		HideSolutionNode = FALSE
	EndGlobalSection
	GlobalSection(ExtensibilityGlobals) = postSolution
		SolutionGuid = {D0BE40D0-AEFA-4A63-97B9-48A22AFD4368}
	EndGlobalSection
EndGlobal
